
Microsoft Visual Studio Solution File, Format Version 12.00
# Visual Studio Version 16
VisualStudioVersion = 16.0.31313.79
MinimumVisualStudioVersion = 10.0.40219.1
Project("{FAE04EC0-301F-11D3-BF4B-00C04F79EFBC}") = "Video text transformer", "Video text transformer.csproj", "{725D5691-FA52-4545-AB2A-3570DD576FD6}"
EndProject
Global
	GlobalSection(SolutionConfigurationPlatforms) = preSolution
		Debug|Any CPU = Debug|Any CPU
		Debug|x86 = Debug|x86
		Release|Any CPU = Release|Any CPU
		Release|x86 = Release|x86
	EndGlobalSection
	GlobalSection(ProjectConfigurationPlatforms) = postSolution
		{725D5691-FA52-4545-AB2A-3570DD576FD6}.Debug|Any CPU.ActiveCfg = Debug|x86
		{725D5691-FA52-4545-AB2A-3570DD576FD6}.Debug|Any CPU.Build.0 = Debug|x86
		{725D5691-FA52-4545-AB2A-3570DD576FD6}.Debug|x86.ActiveCfg = Debug|x86
		{725D5691-FA52-4545-AB2A-3570DD576FD6}.Debug|x86.Build.0 = Debug|x86
		{725D5691-FA52-4545-AB2A-3570DD576FD6}.Release|Any CPU.ActiveCfg = Release|Any CPU
		{725D5691-FA52-4545-AB2A-3570DD576FD6}.Release|Any CPU.Build.0 = Release|Any CPU
		{725D5691-FA52-4545-AB2A-3570DD576FD6}.Release|x86.ActiveCfg = Release|x86
		{725D5691-FA52-4545-AB2A-3570DD576FD6}.Release|x86.Build.0 = Release|x86
	EndGlobalSection
	GlobalSection(SolutionProperties) = preSolution
		HideSolutionNode = FALSE
	EndGlobalSection
	GlobalSection(ExtensibilityGlobals) = postSolution
		SolutionGuid = {EF4E1803-5562-45B2-B259-7FC79BC45A8F}
	EndGlobalSection
EndGlobal
